
Microsoft Visual Studio Solution File, Format Version 12.00
# Visual Studio Version 17
VisualStudioVersion = 17.9.34622.214
MinimumVisualStudioVersion = 10.0.40219.1
Project("{FAE04EC0-301F-11D3-BF4B-00C04F79EFBC}") = "rgument and No Return Type", "rgument and No Return Type\rgument and No Return Type.csproj", "{1B9490D4-0639-4F49-BFAF-FDD3D26971DD}"
EndProject
Global
	GlobalSection(SolutionConfigurationPlatforms) = preSolution
		Debug|Any CPU = Debug|Any CPU
		Release|Any CPU = Release|Any CPU
	EndGlobalSection
	GlobalSection(ProjectConfigurationPlatforms) = postSolution
		{1B9490D4-0639-4F49-BFAF-FDD3D26971DD}.Debug|Any CPU.ActiveCfg = Debug|Any CPU
		{1B9490D4-0639-4F49-BFAF-FDD3D26971DD}.Debug|Any CPU.Build.0 = Debug|Any CPU
		{1B9490D4-0639-4F49-BFAF-FDD3D26971DD}.Release|Any CPU.ActiveCfg = Release|Any CPU
		{1B9490D4-0639-4F49-BFAF-FDD3D26971DD}.Release|Any CPU.Build.0 = Release|Any CPU
	EndGlobalSection
	GlobalSection(SolutionProperties) = preSolution
		HideSolutionNode = FALSE
	EndGlobalSection
	GlobalSection(ExtensibilityGlobals) = postSolution
		SolutionGuid = {94CE4041-E00A-4F40-9A5B-71F4E1790408}
	EndGlobalSection
EndGlobal
